
Microsoft Visual Studio Solution File, Format Version 12.00
# Visual Studio Version 17
VisualStudioVersion = 17.14.36408.4 d17.14
MinimumVisualStudioVersion = 10.0.40219.1
Project("{FAE04EC0-301F-11D3-BF4B-00C04F79EFBC}") = "Service", "Service\Service.csproj", "{8F862432-923D-4A67-B621-341027C179C9}"
EndProject
Project("{FAE04EC0-301F-11D3-BF4B-00C04F79EFBC}") = "Repository", "Repository\Repository.csproj", "{947743FC-7F95-4F0B-A8B1-11C6BD8E77FE}"
EndProject
Project("{2150E333-8FDC-42A3-9474-1A3956D46DE8}") = "Solution Items", "Solution Items", "{8EC462FD-D22E-90A8-E5CE-7E832BA40C5D}"
	ProjectSection(SolutionItems) = preProject
		.gitignore = .gitignore
	EndProjectSection
EndProject
Global
	GlobalSection(SolutionConfigurationPlatforms) = preSolution
		Debug|Any CPU = Debug|Any CPU
		Release|Any CPU = Release|Any CPU
	EndGlobalSection
	GlobalSection(ProjectConfigurationPlatforms) = postSolution
		{8F862432-923D-4A67-B621-341027C179C9}.Debug|Any CPU.ActiveCfg = Debug|Any CPU
		{8F862432-923D-4A67-B621-341027C179C9}.Debug|Any CPU.Build.0 = Debug|Any CPU
		{8F862432-923D-4A67-B621-341027C179C9}.Release|Any CPU.ActiveCfg = Release|Any CPU
		{8F862432-923D-4A67-B621-341027C179C9}.Release|Any CPU.Build.0 = Release|Any CPU
		{947743FC-7F95-4F0B-A8B1-11C6BD8E77FE}.Debug|Any CPU.ActiveCfg = Debug|Any CPU
		{947743FC-7F95-4F0B-A8B1-11C6BD8E77FE}.Debug|Any CPU.Build.0 = Debug|Any CPU
		{947743FC-7F95-4F0B-A8B1-11C6BD8E77FE}.Release|Any CPU.ActiveCfg = Release|Any CPU
		{947743FC-7F95-4F0B-A8B1-11C6BD8E77FE}.Release|Any CPU.Build.0 = Release|Any CPU
	EndGlobalSection
	GlobalSection(SolutionProperties) = preSolution
		HideSolutionNode = FALSE
	EndGlobalSection
	GlobalSection(ExtensibilityGlobals) = postSolution
		SolutionGuid = {B97C509F-960B-4C5E-8C02-218519C8D01D}
	EndGlobalSection
EndGlobal
